
Microsoft Visual Studio Solution File, Format Version 12.00
# Visual Studio Version 17
VisualStudioVersion = 17.9.34616.47
MinimumVisualStudioVersion = 10.0.40219.1
Project("{FAE04EC0-301F-11D3-BF4B-00C04F79EFBC}") = "WebSiteShopping", "WebSiteShopping\WebSiteShopping.csproj", "{88FC0BEF-BA24-4D47-B4D8-603E054632C2}"
EndProject
Global
	GlobalSection(SolutionConfigurationPlatforms) = preSolution
		Debug|Any CPU = Debug|Any CPU
		Release|Any CPU = Release|Any CPU
	EndGlobalSection
	GlobalSection(ProjectConfigurationPlatforms) = postSolution
		{88FC0BEF-BA24-4D47-B4D8-603E054632C2}.Debug|Any CPU.ActiveCfg = Debug|Any CPU
		{88FC0BEF-BA24-4D47-B4D8-603E054632C2}.Debug|Any CPU.Build.0 = Debug|Any CPU
		{88FC0BEF-BA24-4D47-B4D8-603E054632C2}.Release|Any CPU.ActiveCfg = Release|Any CPU
		{88FC0BEF-BA24-4D47-B4D8-603E054632C2}.Release|Any CPU.Build.0 = Release|Any CPU
	EndGlobalSection
	GlobalSection(SolutionProperties) = preSolution
		HideSolutionNode = FALSE
	EndGlobalSection
	GlobalSection(ExtensibilityGlobals) = postSolution
		SolutionGuid = {F57A71E0-7E25-4A6F-A465-A722BCB466AE}
	EndGlobalSection
EndGlobal
